
Microsoft Visual Studio Solution File, Format Version 12.00
# Visual Studio Version 16
VisualStudioVersion = 16.0.33328.57
MinimumVisualStudioVersion = 10.0.40219.1
Project("{FAE04EC0-301F-11D3-BF4B-00C04F79EFBC}") = "el-knyakov", "el-knyakov\el-knyakov.csproj", "{264ECD6E-A929-47E0-9C9B-38AC3559D3A1}"
EndProject
Global
	GlobalSection(SolutionConfigurationPlatforms) = preSolution
		Debug|Any CPU = Debug|Any CPU
		Release|Any CPU = Release|Any CPU
	EndGlobalSection
	GlobalSection(ProjectConfigurationPlatforms) = postSolution
		{264ECD6E-A929-47E0-9C9B-38AC3559D3A1}.Debug|Any CPU.ActiveCfg = Debug|Any CPU
		{264ECD6E-A929-47E0-9C9B-38AC3559D3A1}.Debug|Any CPU.Build.0 = Debug|Any CPU
		{264ECD6E-A929-47E0-9C9B-38AC3559D3A1}.Release|Any CPU.ActiveCfg = Release|Any CPU
		{264ECD6E-A929-47E0-9C9B-38AC3559D3A1}.Release|Any CPU.Build.0 = Release|Any CPU
	EndGlobalSection
	GlobalSection(SolutionProperties) = preSolution
		HideSolutionNode = FALSE
	EndGlobalSection
	GlobalSection(ExtensibilityGlobals) = postSolution
		SolutionGuid = {84620B07-B5F7-4A2D-92E1-EAEADF7BD051}
	EndGlobalSection
EndGlobal
